{
  "lockfileVersion": 1,
  "configVersion": 1,
  "workspaces": {
    "": {
      "name": "fpjs",
      "dependencies": {
        "immer": "^11.1.3",
        "immutable": "^5.1.4",
      },
    },
  },
  "packages": {
    "immer": ["immer@11.1.3", "", {}, "sha512-6jQTc5z0KJFtr1UgFpIL3N9XSC3saRaI9PwWtzM2pSqkNGtiNkYY2OSwkOGDK2XcTRcLb1pi/aNkKZz0nxVH4Q=="],

    "immutable": ["immutable@5.1.4", "", {}, "sha512-p6u1bG3YSnINT5RQmx/yRZBpenIl30kVxkTLDyHLIMk0gict704Q9n+thfDI7lTRm9vXdDYutVzXhzcThxTnXA=="],
  }
}
